
Microsoft Visual Studio Solution File, Format Version 12.00
# Visual Studio Version 17
VisualStudioVersion = 17.4.33205.214
MinimumVisualStudioVersion = 10.0.40219.1
Project("{888888A0-9F3D-457C-B088-3A5042F75D52}") = "TARpv23 Gleb.S", "..\source\repos\TARpv23-Gleb-Sotsjov\TARpv23 Gleb.S\TARpv23 Gleb.S.pyproj", "{02241A8D-B0A2-4B94-BCC8-CB21102D6C91}"
EndProject
Global
	GlobalSection(SolutionConfigurationPlatforms) = preSolution
		Debug|Any CPU = Debug|Any CPU
		Release|Any CPU = Release|Any CPU
	EndGlobalSection
	GlobalSection(ProjectConfigurationPlatforms) = postSolution
		{02241A8D-B0A2-4B94-BCC8-CB21102D6C91}.Debug|Any CPU.ActiveCfg = Debug|Any CPU
		{02241A8D-B0A2-4B94-BCC8-CB21102D6C91}.Release|Any CPU.ActiveCfg = Release|Any CPU
	EndGlobalSection
	GlobalSection(SolutionProperties) = preSolution
		HideSolutionNode = FALSE
	EndGlobalSection
	GlobalSection(ExtensibilityGlobals) = postSolution
		SolutionGuid = {9993EB8D-1DD0-4E54-BFF0-40558B4A40F0}
	EndGlobalSection
EndGlobal
